{
    "_meta": {
        "hash": {
            "sha256": "a70c8c8be69c183db0d00f670cae357da7d78c05606780eccdc1b3b7cc407108"
        },
        "pipfile-spec": 6,
        "requires": {
            "python_full_version": "3.10.9",
            "python_version": "3.10"
        },
        "sources": [
            {
                "name": "pypi",
                "url": "https://pypi.org/simple",
                "verify_ssl": true
            }
        ]
    },
    "default": {
        "ewmh": {
            "hashes": [
                "sha256:c56b093f7d575181e979bb3a7d15c34065755f811c351ff0a31fede12b09343d"
            ],
            "markers": "sys_platform == 'linux'",
            "version": "==0.1.6"
        },
        "funcparserlib": {
            "hashes": [
                "sha256:95da15d3f0d00b9b6f4bf04005c708af3faa115f7b45692ace064ebe758c68e8",
                "sha256:a2c4a0d7942f7a0e7635c369d921066c8d4cae7f8b5bf7914466bec3c69837f4"
            ],
            "markers": "python_version >= '2.7' and python_version not in '3.0, 3.1, 3.2, 3.3, 3.4, 3.5, 3.6'",
            "version": "==1.0.1"
        },
        "hy": {
            "hashes": [
                "sha256:07d2cd59f2b6ee6207fa94048a27ed45c5db0bae5a3893335cfa7dc74efc97a9"
            ],
            "index": "pypi",
            "version": "==0.26.0"
        },
        "pyrect": {
            "hashes": [
                "sha256:f65155f6df9b929b67caffbd57c0947c5ae5449d3b580d178074bffb47a09b78"
            ],
            "version": "==0.2.0"
        },
        "python-xlib": {
            "hashes": [
                "sha256:55af7906a2c75ce6cb280a584776080602444f75815a7aff4d287bb2d7018b32",
                "sha256:c3534038d42e0df2f1392a1b30a15a4ff5fdc2b86cfa94f072bf11b10a164398"
            ],
            "markers": "sys_platform == 'linux'",
            "version": "==0.33"
        },
        "pywinctl": {
            "hashes": [
                "sha256:c02caf9c320f3365308245ba216154d3afeddcbfcd1c34c412df632f50c2dd1f"
            ],
            "index": "pypi",
            "version": "==0.0.43"
        },
        "six": {
            "hashes": [
                "sha256:1e61c37477a1626458e36f7b1d82aa5c9b094fa4802892072e49de9c60c4c926",
                "sha256:8abb2f1d86890a2dfb989f9a77cfcfd3e47c2a354b01111771326f8aa26e0254"
            ],
            "markers": "python_version >= '2.7' and python_version not in '3.0, 3.1, 3.2, 3.3'",
            "version": "==1.16.0"
        }
    },
    "develop": {}
}
