{
    "_meta": {
        "hash": {
            "sha256": "f204d6012e338b0a4d5a0afa416b4d246a002d74534e02dc12ac4b57ecc9fffe"
        },
        "pipfile-spec": 6,
        "requires": {
            "python_full_version": "3.10.9",
            "python_version": "3.10"
        },
        "sources": [
            {
                "name": "pypi",
                "url": "https://pypi.org/simple",
                "verify_ssl": true
            }
        ]
    },
    "default": {
        "funcparserlib": {
            "hashes": [
                "sha256:95da15d3f0d00b9b6f4bf04005c708af3faa115f7b45692ace064ebe758c68e8",
                "sha256:a2c4a0d7942f7a0e7635c369d921066c8d4cae7f8b5bf7914466bec3c69837f4"
            ],
            "markers": "python_version >= '2.7' and python_version not in '3.0, 3.1, 3.2, 3.3, 3.4, 3.5, 3.6'",
            "version": "==1.0.1"
        },
        "hy": {
            "hashes": [
                "sha256:07d2cd59f2b6ee6207fa94048a27ed45c5db0bae5a3893335cfa7dc74efc97a9"
            ],
            "index": "pypi",
            "version": "==0.26.0"
        },
        "hyrule": {
            "hashes": [
                "sha256:b65127d94d71aa7c05e7eb1c3e550b389247c66f41af24c73f1fe743d39410b4"
            ],
            "index": "pypi",
            "version": "==0.3.0"
        }
    },
    "develop": {}
}
